// !$*UTF8*$!
{
	archiveVersion = 1;
	classes = {
	};
	objectVersion = 51;
	objects = {

/* Begin PBXBuildFile section */
		8F0872E02801F755004EFCFE /* StageView.swift in Sources */ = {isa = PBXBuildFile; fileRef = 8F0872DF2801F755004EFCFE /* StageView.swift */; };
		8F0872E928032270004EFCFE /* RocketInfoView.swift in Sources */ = {isa = PBXBuildFile; fileRef = 8F0872E828032270004EFCFE /* RocketInfoView.swift */; };
		8F0872FA28037336004EFCFE /* RocketsViewController.swift in Sources */ = {isa = PBXBuildFile; fileRef = 8F0872F828037336004EFCFE /* RocketsViewController.swift */; };
		8F08730B280402AF004EFCFE /* LaunchesViewController.swift in Sources */ = {isa = PBXBuildFile; fileRef = 8F08730A280402AF004EFCFE /* LaunchesViewController.swift */; };
		8F08730F280417F1004EFCFE /* LaunchesTableViewCell.swift in Sources */ = {isa = PBXBuildFile; fileRef = 8F08730E280417F1004EFCFE /* LaunchesTableViewCell.swift */; };
		8F087316280492CD004EFCFE /* NetworkingService.swift in Sources */ = {isa = PBXBuildFile; fileRef = 8F087315280492CD004EFCFE /* NetworkingService.swift */; };
		8F087319280492D8004EFCFE /* NetworkingServiceProtocol.swift in Sources */ = {isa = PBXBuildFile; fileRef = 8F087318280492D8004EFCFE /* NetworkingServiceProtocol.swift */; };
		8F08731C280492E1004EFCFE /* Rocket.swift in Sources */ = {isa = PBXBuildFile; fileRef = 8F08731B280492E1004EFCFE /* Rocket.swift */; };
		8F0873212804B638004EFCFE /* RocketsPresenterProtocol.swift in Sources */ = {isa = PBXBuildFile; fileRef = 8F0873202804B638004EFCFE /* RocketsPresenterProtocol.swift */; };
		8F0873262804B66E004EFCFE /* RocketsViewProtocol.swift in Sources */ = {isa = PBXBuildFile; fileRef = 8F0873252804B66E004EFCFE /* RocketsViewProtocol.swift */; };
		8F08732A2804B8FA004EFCFE /* RocketsPresenter.swift in Sources */ = {isa = PBXBuildFile; fileRef = 8F0873292804B8FA004EFCFE /* RocketsPresenter.swift */; };
		8F08732E2804C872004EFCFE /* Launch.swift in Sources */ = {isa = PBXBuildFile; fileRef = 8F08732D2804C872004EFCFE /* Launch.swift */; };
		8F0873322804D6B0004EFCFE /* LaunchesViewProtocol.swift in Sources */ = {isa = PBXBuildFile; fileRef = 8F0873312804D6B0004EFCFE /* LaunchesViewProtocol.swift */; };
		8F0873382804D7A5004EFCFE /* LaunchesPresenterProtocol.swift in Sources */ = {isa = PBXBuildFile; fileRef = 8F0873372804D7A5004EFCFE /* LaunchesPresenterProtocol.swift */; };
		8F08733B2804D909004EFCFE /* LaunchesPresenter.swift in Sources */ = {isa = PBXBuildFile; fileRef = 8F08733A2804D909004EFCFE /* LaunchesPresenter.swift */; };
		8F0AE4AC280A2B6A0073296B /* SettingsViewController.swift in Sources */ = {isa = PBXBuildFile; fileRef = 8F0AE4AA280A2B6A0073296B /* SettingsViewController.swift */; };
		8F0AE4AD280A2B6A0073296B /* SettingsViewController.xib in Resources */ = {isa = PBXBuildFile; fileRef = 8F0AE4AB280A2B6A0073296B /* SettingsViewController.xib */; };
		8F0AE4B1280AD8C90073296B /* SettingsPresenterProtocol.swift in Sources */ = {isa = PBXBuildFile; fileRef = 8F0AE4B0280AD8C90073296B /* SettingsPresenterProtocol.swift */; };
		8F0AE4B5280AD9660073296B /* SettingsPresenter.swift in Sources */ = {isa = PBXBuildFile; fileRef = 8F0AE4B4280AD9660073296B /* SettingsPresenter.swift */; };
		8F0AE4BB280ADAD20073296B /* SettingsServiceProtocol.swift in Sources */ = {isa = PBXBuildFile; fileRef = 8F0AE4BA280ADAD20073296B /* SettingsServiceProtocol.swift */; };
		8F0AE4BE280ADB2B0073296B /* SettingsEnums.swift in Sources */ = {isa = PBXBuildFile; fileRef = 8F0AE4BD280ADB2B0073296B /* SettingsEnums.swift */; };
		8F0AE4C1280AE3930073296B /* SettingsService.swift in Sources */ = {isa = PBXBuildFile; fileRef = 8F0AE4C0280AE3930073296B /* SettingsService.swift */; };
		8F0AE4C4280AE8AF0073296B /* SettingsServiceDelegate.swift in Sources */ = {isa = PBXBuildFile; fileRef = 8F0AE4C3280AE8AF0073296B /* SettingsServiceDelegate.swift */; };
		8F0AE4C7280AEB5D0073296B /* ServiceLocator.swift in Sources */ = {isa = PBXBuildFile; fileRef = 8F0AE4C6280AEB5D0073296B /* ServiceLocator.swift */; };
		8F0AE4CA280AF8600073296B /* UserDefaultsService.swift in Sources */ = {isa = PBXBuildFile; fileRef = 8F0AE4C9280AF8600073296B /* UserDefaultsService.swift */; };
		8F0AE4CD280AF8D00073296B /* UserDefaultsServiceProtocol.swift in Sources */ = {isa = PBXBuildFile; fileRef = 8F0AE4CC280AF8D00073296B /* UserDefaultsServiceProtocol.swift */; };
		8F0AE4DE280C33450073296B /* CoreDataStack.swift in Sources */ = {isa = PBXBuildFile; fileRef = 8F0AE4DD280C33450073296B /* CoreDataStack.swift */; };
		8F0AE4E2280C33870073296B /* SpaceXDataModel.xcdatamodeld in Sources */ = {isa = PBXBuildFile; fileRef = 8F0AE4E0280C33870073296B /* SpaceXDataModel.xcdatamodeld */; };
		8F0AE4F3280C3E230073296B /* DBPayload+CoreDataClass.swift in Sources */ = {isa = PBXBuildFile; fileRef = 8F0AE4E5280C3E230073296B /* DBPayload+CoreDataClass.swift */; };
		8F0AE4F4280C3E230073296B /* DBPayload+CoreDataProperties.swift in Sources */ = {isa = PBXBuildFile; fileRef = 8F0AE4E6280C3E230073296B /* DBPayload+CoreDataProperties.swift */; };
		8F0AE4F5280C3E230073296B /* DBRocket+CoreDataClass.swift in Sources */ = {isa = PBXBuildFile; fileRef = 8F0AE4E7280C3E230073296B /* DBRocket+CoreDataClass.swift */; };
		8F0AE4F6280C3E230073296B /* DBRocket+CoreDataProperties.swift in Sources */ = {isa = PBXBuildFile; fileRef = 8F0AE4E8280C3E230073296B /* DBRocket+CoreDataProperties.swift */; };
		8F0AE4F7280C3E230073296B /* DBFirstStage+CoreDataClass.swift in Sources */ = {isa = PBXBuildFile; fileRef = 8F0AE4E9280C3E230073296B /* DBFirstStage+CoreDataClass.swift */; };
		8F0AE4F8280C3E230073296B /* DBFirstStage+CoreDataProperties.swift in Sources */ = {isa = PBXBuildFile; fileRef = 8F0AE4EA280C3E230073296B /* DBFirstStage+CoreDataProperties.swift */; };
		8F0AE4F9280C3E230073296B /* DBSecondStage+CoreDataClass.swift in Sources */ = {isa = PBXBuildFile; fileRef = 8F0AE4EB280C3E230073296B /* DBSecondStage+CoreDataClass.swift */; };
		8F0AE4FA280C3E230073296B /* DBSecondStage+CoreDataProperties.swift in Sources */ = {isa = PBXBuildFile; fileRef = 8F0AE4EC280C3E230073296B /* DBSecondStage+CoreDataProperties.swift */; };
		8F0AE4FD280C3E230073296B /* DBMass+CoreDataClass.swift in Sources */ = {isa = PBXBuildFile; fileRef = 8F0AE4EF280C3E230073296B /* DBMass+CoreDataClass.swift */; };
		8F0AE4FE280C3E230073296B /* DBMass+CoreDataProperties.swift in Sources */ = {isa = PBXBuildFile; fileRef = 8F0AE4F0280C3E230073296B /* DBMass+CoreDataProperties.swift */; };
		8F0AE506280C44050073296B /* DBDiameter+CoreDataClass.swift in Sources */ = {isa = PBXBuildFile; fileRef = 8F0AE504280C44050073296B /* DBDiameter+CoreDataClass.swift */; };
		8F0AE507280C44050073296B /* DBDiameter+CoreDataProperties.swift in Sources */ = {isa = PBXBuildFile; fileRef = 8F0AE505280C44050073296B /* DBDiameter+CoreDataProperties.swift */; };
		8F0AE513280C4F700073296B /* DBHeight+CoreDataClass.swift in Sources */ = {isa = PBXBuildFile; fileRef = 8F0AE511280C4F700073296B /* DBHeight+CoreDataClass.swift */; };
		8F0AE514280C4F700073296B /* DBHeight+CoreDataProperties.swift in Sources */ = {isa = PBXBuildFile; fileRef = 8F0AE512280C4F700073296B /* DBHeight+CoreDataProperties.swift */; };
		8F0AE518280C5ED10073296B /* DBLaunch+CoreDataClass.swift in Sources */ = {isa = PBXBuildFile; fileRef = 8F0AE516280C5ED10073296B /* DBLaunch+CoreDataClass.swift */; };
		8F0AE519280C5ED10073296B /* DBLaunch+CoreDataProperties.swift in Sources */ = {isa = PBXBuildFile; fileRef = 8F0AE517280C5ED10073296B /* DBLaunch+CoreDataProperties.swift */; };
		8F0D34C42808C60200DDCFE1 /* SettingsViewProtocol.swift in Sources */ = {isa = PBXBuildFile; fileRef = 8F0D34C32808C60200DDCFE1 /* SettingsViewProtocol.swift */; };
		8F0D34CA2808CA4F00DDCFE1 /* SettingsTableViewCell.swift in Sources */ = {isa = PBXBuildFile; fileRef = 8F0D34C92808CA4F00DDCFE1 /* SettingsTableViewCell.swift */; };
		8F554293280037EE00A67D82 /* AppDelegate.swift in Sources */ = {isa = PBXBuildFile; fileRef = 8F554292280037EE00A67D82 /* AppDelegate.swift */; };
		8F55429C280037FF00A67D82 /* Assets.xcassets in Resources */ = {isa = PBXBuildFile; fileRef = 8F55429B280037FF00A67D82 /* Assets.xcassets */; };
		8F55429F280037FF00A67D82 /* LaunchScreen.storyboard in Resources */ = {isa = PBXBuildFile; fileRef = 8F55429D280037FF00A67D82 /* LaunchScreen.storyboard */; };
		8F5542BD2801B48500A67D82 /* CustomCollectionViewCell.swift in Sources */ = {isa = PBXBuildFile; fileRef = 8F5542BB2801B48500A67D82 /* CustomCollectionViewCell.swift */; };
		9DF45E3A7D0180BC942E9B0E /* Pods_SpaceXApp.framework in Frameworks */ = {isa = PBXBuildFile; fileRef = 6E2FB98D9897CE2EC0C179CA /* Pods_SpaceXApp.framework */; };
/* End PBXBuildFile section */

/* Begin PBXFileReference section */
		6E2FB98D9897CE2EC0C179CA /* Pods_SpaceXApp.framework */ = {isa = PBXFileReference; explicitFileType = wrapper.framework; includeInIndex = 0; path = Pods_SpaceXApp.framework; sourceTree = BUILT_PRODUCTS_DIR; };
		7F00BD729D1897277391504D /* Pods-SpaceXApp.release.xcconfig */ = {isa = PBXFileReference; includeInIndex = 1; lastKnownFileType = text.xcconfig; name = "Pods-SpaceXApp.release.xcconfig"; path = "Target Support Files/Pods-SpaceXApp/Pods-SpaceXApp.release.xcconfig"; sourceTree = "<group>"; };
		8F0872DF2801F755004EFCFE /* StageView.swift */ = {isa = PBXFileReference; lastKnownFileType = sourcecode.swift; path = StageView.swift; sourceTree = "<group>"; };
		8F0872E828032270004EFCFE /* RocketInfoView.swift */ = {isa = PBXFileReference; lastKnownFileType = sourcecode.swift; path = RocketInfoView.swift; sourceTree = "<group>"; };
		8F0872F828037336004EFCFE /* RocketsViewController.swift */ = {isa = PBXFileReference; lastKnownFileType = sourcecode.swift; path = RocketsViewController.swift; sourceTree = "<group>"; };
		8F08730A280402AF004EFCFE /* LaunchesViewController.swift */ = {isa = PBXFileReference; lastKnownFileType = sourcecode.swift; path = LaunchesViewController.swift; sourceTree = "<group>"; };
		8F08730E280417F1004EFCFE /* LaunchesTableViewCell.swift */ = {isa = PBXFileReference; lastKnownFileType = sourcecode.swift; path = LaunchesTableViewCell.swift; sourceTree = "<group>"; };
		8F087315280492CD004EFCFE /* NetworkingService.swift */ = {isa = PBXFileReference; fileEncoding = 4; lastKnownFileType = sourcecode.swift; path = NetworkingService.swift; sourceTree = "<group>"; };
		8F087318280492D8004EFCFE /* NetworkingServiceProtocol.swift */ = {isa = PBXFileReference; fileEncoding = 4; lastKnownFileType = sourcecode.swift; path = NetworkingServiceProtocol.swift; sourceTree = "<group>"; };
		8F08731B280492E1004EFCFE /* Rocket.swift */ = {isa = PBXFileReference; fileEncoding = 4; lastKnownFileType = sourcecode.swift; path = Rocket.swift; sourceTree = "<group>"; };
		8F0873202804B638004EFCFE /* RocketsPresenterProtocol.swift */ = {isa = PBXFileReference; lastKnownFileType = sourcecode.swift; path = RocketsPresenterProtocol.swift; sourceTree = "<group>"; };
		8F0873252804B66E004EFCFE /* RocketsViewProtocol.swift */ = {isa = PBXFileReference; lastKnownFileType = sourcecode.swift; path = RocketsViewProtocol.swift; sourceTree = "<group>"; };
		8F0873292804B8FA004EFCFE /* RocketsPresenter.swift */ = {isa = PBXFileReference; lastKnownFileType = sourcecode.swift; path = RocketsPresenter.swift; sourceTree = "<group>"; };
		8F08732D2804C872004EFCFE /* Launch.swift */ = {isa = PBXFileReference; lastKnownFileType = sourcecode.swift; path = Launch.swift; sourceTree = "<group>"; };
		8F0873312804D6B0004EFCFE /* LaunchesViewProtocol.swift */ = {isa = PBXFileReference; lastKnownFileType = sourcecode.swift; path = LaunchesViewProtocol.swift; sourceTree = "<group>"; };
		8F0873372804D7A5004EFCFE /* LaunchesPresenterProtocol.swift */ = {isa = PBXFileReference; lastKnownFileType = sourcecode.swift; path = LaunchesPresenterProtocol.swift; sourceTree = "<group>"; };
		8F08733A2804D909004EFCFE /* LaunchesPresenter.swift */ = {isa = PBXFileReference; lastKnownFileType = sourcecode.swift; path = LaunchesPresenter.swift; sourceTree = "<group>"; };
		8F0AE4AA280A2B6A0073296B /* SettingsViewController.swift */ = {isa = PBXFileReference; lastKnownFileType = sourcecode.swift; path = SettingsViewController.swift; sourceTree = "<group>"; };
		8F0AE4AB280A2B6A0073296B /* SettingsViewController.xib */ = {isa = PBXFileReference; lastKnownFileType = file.xib; path = SettingsViewController.xib; sourceTree = "<group>"; };
		8F0AE4B0280AD8C90073296B /* SettingsPresenterProtocol.swift */ = {isa = PBXFileReference; lastKnownFileType = sourcecode.swift; path = SettingsPresenterProtocol.swift; sourceTree = "<group>"; };
		8F0AE4B4280AD9660073296B /* SettingsPresenter.swift */ = {isa = PBXFileReference; lastKnownFileType = sourcecode.swift; path = SettingsPresenter.swift; sourceTree = "<group>"; };
		8F0AE4BA280ADAD20073296B /* SettingsServiceProtocol.swift */ = {isa = PBXFileReference; lastKnownFileType = sourcecode.swift; path = SettingsServiceProtocol.swift; sourceTree = "<group>"; };
		8F0AE4BD280ADB2B0073296B /* SettingsEnums.swift */ = {isa = PBXFileReference; lastKnownFileType = sourcecode.swift; path = SettingsEnums.swift; sourceTree = "<group>"; };
		8F0AE4C0280AE3930073296B /* SettingsService.swift */ = {isa = PBXFileReference; lastKnownFileType = sourcecode.swift; path = SettingsService.swift; sourceTree = "<group>"; };
		8F0AE4C3280AE8AF0073296B /* SettingsServiceDelegate.swift */ = {isa = PBXFileReference; lastKnownFileType = sourcecode.swift; path = SettingsServiceDelegate.swift; sourceTree = "<group>"; };
		8F0AE4C6280AEB5D0073296B /* ServiceLocator.swift */ = {isa = PBXFileReference; fileEncoding = 4; lastKnownFileType = sourcecode.swift; path = ServiceLocator.swift; sourceTree = "<group>"; };
		8F0AE4C9280AF8600073296B /* UserDefaultsService.swift */ = {isa = PBXFileReference; lastKnownFileType = sourcecode.swift; path = UserDefaultsService.swift; sourceTree = "<group>"; };
		8F0AE4CC280AF8D00073296B /* UserDefaultsServiceProtocol.swift */ = {isa = PBXFileReference; lastKnownFileType = sourcecode.swift; path = UserDefaultsServiceProtocol.swift; sourceTree = "<group>"; };
		8F0AE4DD280C33450073296B /* CoreDataStack.swift */ = {isa = PBXFileReference; fileEncoding = 4; lastKnownFileType = sourcecode.swift; path = CoreDataStack.swift; sourceTree = "<group>"; };
		8F0AE4E1280C33870073296B /* SpaceXDataModel.xcdatamodel */ = {isa = PBXFileReference; lastKnownFileType = wrapper.xcdatamodel; path = SpaceXDataModel.xcdatamodel; sourceTree = "<group>"; };
		8F0AE4E5280C3E230073296B /* DBPayload+CoreDataClass.swift */ = {isa = PBXFileReference; lastKnownFileType = sourcecode.swift; name = "DBPayload+CoreDataClass.swift"; path = "SpaceXApp/CoreDataObjects/DBRocket/DBPayload+CoreDataClass.swift"; sourceTree = SOURCE_ROOT; };
		8F0AE4E6280C3E230073296B /* DBPayload+CoreDataProperties.swift */ = {isa = PBXFileReference; lastKnownFileType = sourcecode.swift; name = "DBPayload+CoreDataProperties.swift"; path = "SpaceXApp/CoreDataObjects/DBRocket/DBPayload+CoreDataProperties.swift"; sourceTree = SOURCE_ROOT; };
		8F0AE4E7280C3E230073296B /* DBRocket+CoreDataClass.swift */ = {isa = PBXFileReference; lastKnownFileType = sourcecode.swift; name = "DBRocket+CoreDataClass.swift"; path = "SpaceXApp/CoreDataObjects/DBRocket/DBRocket+CoreDataClass.swift"; sourceTree = SOURCE_ROOT; };
		8F0AE4E8280C3E230073296B /* DBRocket+CoreDataProperties.swift */ = {isa = PBXFileReference; lastKnownFileType = sourcecode.swift; name = "DBRocket+CoreDataProperties.swift"; path = "SpaceXApp/CoreDataObjects/DBRocket/DBRocket+CoreDataProperties.swift"; sourceTree = SOURCE_ROOT; };
		8F0AE4E9280C3E230073296B /* DBFirstStage+CoreDataClass.swift */ = {isa = PBXFileReference; lastKnownFileType = sourcecode.swift; name = "DBFirstStage+CoreDataClass.swift"; path = "SpaceXApp/CoreDataObjects/DBRocket/DBFirstStage+CoreDataClass.swift"; sourceTree = SOURCE_ROOT; };
		8F0AE4EA280C3E230073296B /* DBFirstStage+CoreDataProperties.swift */ = {isa = PBXFileReference; lastKnownFileType = sourcecode.swift; name = "DBFirstStage+CoreDataProperties.swift"; path = "SpaceXApp/CoreDataObjects/DBRocket/DBFirstStage+CoreDataProperties.swift"; sourceTree = SOURCE_ROOT; };
		8F0AE4EB280C3E230073296B /* DBSecondStage+CoreDataClass.swift */ = {isa = PBXFileReference; lastKnownFileType = sourcecode.swift; name = "DBSecondStage+CoreDataClass.swift"; path = "SpaceXApp/CoreDataObjects/DBRocket/DBSecondStage+CoreDataClass.swift"; sourceTree = SOURCE_ROOT; };
		8F0AE4EC280C3E230073296B /* DBSecondStage+CoreDataProperties.swift */ = {isa = PBXFileReference; lastKnownFileType = sourcecode.swift; name = "DBSecondStage+CoreDataProperties.swift"; path = "SpaceXApp/CoreDataObjects/DBRocket/DBSecondStage+CoreDataProperties.swift"; sourceTree = SOURCE_ROOT; };
		8F0AE4EF280C3E230073296B /* DBMass+CoreDataClass.swift */ = {isa = PBXFileReference; lastKnownFileType = sourcecode.swift; name = "DBMass+CoreDataClass.swift"; path = "SpaceXApp/CoreDataObjects/DBRocket/DBMass+CoreDataClass.swift"; sourceTree = SOURCE_ROOT; };
		8F0AE4F0280C3E230073296B /* DBMass+CoreDataProperties.swift */ = {isa = PBXFileReference; lastKnownFileType = sourcecode.swift; name = "DBMass+CoreDataProperties.swift"; path = "SpaceXApp/CoreDataObjects/DBRocket/DBMass+CoreDataProperties.swift"; sourceTree = SOURCE_ROOT; };
		8F0AE504280C44050073296B /* DBDiameter+CoreDataClass.swift */ = {isa = PBXFileReference; lastKnownFileType = sourcecode.swift; name = "DBDiameter+CoreDataClass.swift"; path = "SpaceXApp/CoreDataObjects/DBRocket/DBDiameter+CoreDataClass.swift"; sourceTree = SOURCE_ROOT; };
		8F0AE505280C44050073296B /* DBDiameter+CoreDataProperties.swift */ = {isa = PBXFileReference; lastKnownFileType = sourcecode.swift; name = "DBDiameter+CoreDataProperties.swift"; path = "SpaceXApp/CoreDataObjects/DBRocket/DBDiameter+CoreDataProperties.swift"; sourceTree = SOURCE_ROOT; };
		8F0AE511280C4F700073296B /* DBHeight+CoreDataClass.swift */ = {isa = PBXFileReference; lastKnownFileType = sourcecode.swift; name = "DBHeight+CoreDataClass.swift"; path = "SpaceXApp/CoreDataObjects/DBRocket/DBHeight+CoreDataClass.swift"; sourceTree = SOURCE_ROOT; };
		8F0AE512280C4F700073296B /* DBHeight+CoreDataProperties.swift */ = {isa = PBXFileReference; lastKnownFileType = sourcecode.swift; name = "DBHeight+CoreDataProperties.swift"; path = "SpaceXApp/CoreDataObjects/DBRocket/DBHeight+CoreDataProperties.swift"; sourceTree = SOURCE_ROOT; };
		8F0AE516280C5ED10073296B /* DBLaunch+CoreDataClass.swift */ = {isa = PBXFileReference; lastKnownFileType = sourcecode.swift; name = "DBLaunch+CoreDataClass.swift"; path = "SpaceXApp/CoreDataObjects/DBLaunch/DBLaunch+CoreDataClass.swift"; sourceTree = SOURCE_ROOT; };
		8F0AE517280C5ED10073296B /* DBLaunch+CoreDataProperties.swift */ = {isa = PBXFileReference; lastKnownFileType = sourcecode.swift; name = "DBLaunch+CoreDataProperties.swift"; path = "SpaceXApp/CoreDataObjects/DBLaunch/DBLaunch+CoreDataProperties.swift"; sourceTree = SOURCE_ROOT; };
		8F0D34C32808C60200DDCFE1 /* SettingsViewProtocol.swift */ = {isa = PBXFileReference; lastKnownFileType = sourcecode.swift; path = SettingsViewProtocol.swift; sourceTree = "<group>"; };
		8F0D34C92808CA4F00DDCFE1 /* SettingsTableViewCell.swift */ = {isa = PBXFileReference; lastKnownFileType = sourcecode.swift; path = SettingsTableViewCell.swift; sourceTree = "<group>"; };
		8F55428F280037EE00A67D82 /* SpaceXApp.app */ = {isa = PBXFileReference; explicitFileType = wrapper.application; includeInIndex = 0; path = SpaceXApp.app; sourceTree = BUILT_PRODUCTS_DIR; };
		8F554292280037EE00A67D82 /* AppDelegate.swift */ = {isa = PBXFileReference; lastKnownFileType = sourcecode.swift; path = AppDelegate.swift; sourceTree = "<group>"; };
		8F55429B280037FF00A67D82 /* Assets.xcassets */ = {isa = PBXFileReference; lastKnownFileType = folder.assetcatalog; path = Assets.xcassets; sourceTree = "<group>"; };
		8F55429E280037FF00A67D82 /* Base */ = {isa = PBXFileReference; lastKnownFileType = file.storyboard; name = Base; path = Base.lproj/LaunchScreen.storyboard; sourceTree = "<group>"; };
		8F5542A0280037FF00A67D82 /* Info.plist */ = {isa = PBXFileReference; lastKnownFileType = text.plist.xml; path = Info.plist; sourceTree = "<group>"; };
		8F5542BB2801B48500A67D82 /* CustomCollectionViewCell.swift */ = {isa = PBXFileReference; lastKnownFileType = sourcecode.swift; path = CustomCollectionViewCell.swift; sourceTree = "<group>"; };
		AFC7A6BDB080A356E4C46C97 /* Pods-SpaceXApp.debug.xcconfig */ = {isa = PBXFileReference; includeInIndex = 1; lastKnownFileType = text.xcconfig; name = "Pods-SpaceXApp.debug.xcconfig"; path = "Target Support Files/Pods-SpaceXApp/Pods-SpaceXApp.debug.xcconfig"; sourceTree = "<group>"; };
/* End PBXFileReference section */

/* Begin PBXFrameworksBuildPhase section */
		8F55428C280037EE00A67D82 /* Frameworks */ = {
			isa = PBXFrameworksBuildPhase;
			buildActionMask = 2147483647;
			files = (
				9DF45E3A7D0180BC942E9B0E /* Pods_SpaceXApp.framework in Frameworks */,
			);
			runOnlyForDeploymentPostprocessing = 0;
		};
/* End PBXFrameworksBuildPhase section */

/* Begin PBXGroup section */
		8F08730228038E4F004EFCFE /* View */ = {
			isa = PBXGroup;
			children = (
				8F0D34C22808C5D500DDCFE1 /* SettingsView */,
				8F0873302804D692004EFCFE /* LaunchesView */,
				8F0873242804B655004EFCFE /* RocketsView */,
			);
			path = View;
			sourceTree = "<group>";
		};
		8F08730328038E67004EFCFE /* CustomUI */ = {
			isa = PBXGroup;
			children = (
				8F08730D280417AA004EFCFE /* TableViewCell */,
				8F0872E828032270004EFCFE /* RocketInfoView.swift */,
				8F0872DF2801F755004EFCFE /* StageView.swift */,
				8F08730428038E77004EFCFE /* CollectionCell */,
			);
			path = CustomUI;
			sourceTree = "<group>";
		};
		8F08730428038E77004EFCFE /* CollectionCell */ = {
			isa = PBXGroup;
			children = (
				8F5542BB2801B48500A67D82 /* CustomCollectionViewCell.swift */,
			);
			path = CollectionCell;
			sourceTree = "<group>";
		};
		8F08730D280417AA004EFCFE /* TableViewCell */ = {
			isa = PBXGroup;
			children = (
				8F08730E280417F1004EFCFE /* LaunchesTableViewCell.swift */,
				8F0D34C92808CA4F00DDCFE1 /* SettingsTableViewCell.swift */,
			);
			path = TableViewCell;
			sourceTree = "<group>";
		};
		8F08731E2804B5FD004EFCFE /* Presentation */ = {
			isa = PBXGroup;
			children = (
				8F0AE4AF280AD8650073296B /* SettingsPresenter */,
				8F0873362804D789004EFCFE /* LaunchesPresenter */,
				8F08731F2804B60B004EFCFE /* RocketsPresenter */,
			);
			path = Presentation;
			sourceTree = "<group>";
		};
		8F08731F2804B60B004EFCFE /* RocketsPresenter */ = {
			isa = PBXGroup;
			children = (
				8F0873202804B638004EFCFE /* RocketsPresenterProtocol.swift */,
				8F0873292804B8FA004EFCFE /* RocketsPresenter.swift */,
			);
			path = RocketsPresenter;
			sourceTree = "<group>";
		};
		8F0873242804B655004EFCFE /* RocketsView */ = {
			isa = PBXGroup;
			children = (
				8F0872F828037336004EFCFE /* RocketsViewController.swift */,
				8F0873252804B66E004EFCFE /* RocketsViewProtocol.swift */,
			);
			path = RocketsView;
			sourceTree = "<group>";
		};
		8F08732C2804C83B004EFCFE /* Structs */ = {
			isa = PBXGroup;
			children = (
				8F08731B280492E1004EFCFE /* Rocket.swift */,
				8F08732D2804C872004EFCFE /* Launch.swift */,
			);
			path = Structs;
			sourceTree = "<group>";
		};
		8F0873302804D692004EFCFE /* LaunchesView */ = {
			isa = PBXGroup;
			children = (
				8F08730A280402AF004EFCFE /* LaunchesViewController.swift */,
				8F0873312804D6B0004EFCFE /* LaunchesViewProtocol.swift */,
			);
			path = LaunchesView;
			sourceTree = "<group>";
		};
		8F0873362804D789004EFCFE /* LaunchesPresenter */ = {
			isa = PBXGroup;
			children = (
				8F0873372804D7A5004EFCFE /* LaunchesPresenterProtocol.swift */,
				8F08733A2804D909004EFCFE /* LaunchesPresenter.swift */,
			);
			path = LaunchesPresenter;
			sourceTree = "<group>";
		};
		8F0AE4AF280AD8650073296B /* SettingsPresenter */ = {
			isa = PBXGroup;
			children = (
				8F0AE4B0280AD8C90073296B /* SettingsPresenterProtocol.swift */,
				8F0AE4B4280AD9660073296B /* SettingsPresenter.swift */,
			);
			path = SettingsPresenter;
			sourceTree = "<group>";
		};
		8F0AE4B7280ADA5F0073296B /* ServicesLayer */ = {
			isa = PBXGroup;
			children = (
				8F0AE4DD280C33450073296B /* CoreDataStack.swift */,
				8F0AE4CF280AFC030073296B /* UserDefaultsService */,
				8F0AE4C6280AEB5D0073296B /* ServiceLocator.swift */,
				8F0AE4B9280ADA830073296B /* SettingsService */,
				8F0AE4B8280ADA6C0073296B /* NetworkService */,
				8F0AE4E0280C33870073296B /* SpaceXDataModel.xcdatamodeld */,
			);
			path = ServicesLayer;
			sourceTree = "<group>";
		};
		8F0AE4B8280ADA6C0073296B /* NetworkService */ = {
			isa = PBXGroup;
			children = (
				8F087315280492CD004EFCFE /* NetworkingService.swift */,
				8F087318280492D8004EFCFE /* NetworkingServiceProtocol.swift */,
			);
			path = NetworkService;
			sourceTree = "<group>";
		};
		8F0AE4B9280ADA830073296B /* SettingsService */ = {
			isa = PBXGroup;
			children = (
				8F0AE4BA280ADAD20073296B /* SettingsServiceProtocol.swift */,
				8F0AE4BD280ADB2B0073296B /* SettingsEnums.swift */,
				8F0AE4C0280AE3930073296B /* SettingsService.swift */,
				8F0AE4C3280AE8AF0073296B /* SettingsServiceDelegate.swift */,
			);
			path = SettingsService;
			sourceTree = "<group>";
		};
		8F0AE4CF280AFC030073296B /* UserDefaultsService */ = {
			isa = PBXGroup;
			children = (
				8F0AE4CC280AF8D00073296B /* UserDefaultsServiceProtocol.swift */,
				8F0AE4C9280AF8600073296B /* UserDefaultsService.swift */,
			);
			path = UserDefaultsService;
			sourceTree = "<group>";
		};
		8F0AE522280C673D0073296B /* CoreDataObjects */ = {
			isa = PBXGroup;
			children = (
				8F0AE525280C67790073296B /* DBRocket */,
				8F0AE523280C67500073296B /* DBLaunch */,
			);
			path = CoreDataObjects;
			sourceTree = "<group>";
		};
		8F0AE523280C67500073296B /* DBLaunch */ = {
			isa = PBXGroup;
			children = (
				8F0AE516280C5ED10073296B /* DBLaunch+CoreDataClass.swift */,
				8F0AE517280C5ED10073296B /* DBLaunch+CoreDataProperties.swift */,
			);
			path = DBLaunch;
			sourceTree = "<group>";
		};
		8F0AE525280C67790073296B /* DBRocket */ = {
			isa = PBXGroup;
			children = (
				8F0AE511280C4F700073296B /* DBHeight+CoreDataClass.swift */,
				8F0AE512280C4F700073296B /* DBHeight+CoreDataProperties.swift */,
				8F0AE504280C44050073296B /* DBDiameter+CoreDataClass.swift */,
				8F0AE505280C44050073296B /* DBDiameter+CoreDataProperties.swift */,
				8F0AE4E5280C3E230073296B /* DBPayload+CoreDataClass.swift */,
				8F0AE4E6280C3E230073296B /* DBPayload+CoreDataProperties.swift */,
				8F0AE4E7280C3E230073296B /* DBRocket+CoreDataClass.swift */,
				8F0AE4E8280C3E230073296B /* DBRocket+CoreDataProperties.swift */,
				8F0AE4E9280C3E230073296B /* DBFirstStage+CoreDataClass.swift */,
				8F0AE4EA280C3E230073296B /* DBFirstStage+CoreDataProperties.swift */,
				8F0AE4EB280C3E230073296B /* DBSecondStage+CoreDataClass.swift */,
				8F0AE4EC280C3E230073296B /* DBSecondStage+CoreDataProperties.swift */,
				8F0AE4EF280C3E230073296B /* DBMass+CoreDataClass.swift */,
				8F0AE4F0280C3E230073296B /* DBMass+CoreDataProperties.swift */,
			);
			path = DBRocket;
			sourceTree = "<group>";
		};
		8F0D34C22808C5D500DDCFE1 /* SettingsView */ = {
			isa = PBXGroup;
			children = (
				8F0D34C32808C60200DDCFE1 /* SettingsViewProtocol.swift */,
				8F0AE4AA280A2B6A0073296B /* SettingsViewController.swift */,
				8F0AE4AB280A2B6A0073296B /* SettingsViewController.xib */,
			);
			path = SettingsView;
			sourceTree = "<group>";
		};
		8F554286280037EE00A67D82 = {
			isa = PBXGroup;
			children = (
				8F554291280037EE00A67D82 /* SpaceXApp */,
				8F554290280037EE00A67D82 /* Products */,
				F81A764DA08080B13D838590 /* Pods */,
				9AD723DBDC35901D2494628B /* Frameworks */,
			);
			sourceTree = "<group>";
		};
		8F554290280037EE00A67D82 /* Products */ = {
			isa = PBXGroup;
			children = (
				8F55428F280037EE00A67D82 /* SpaceXApp.app */,
			);
			name = Products;
			sourceTree = "<group>";
		};
		8F554291280037EE00A67D82 /* SpaceXApp */ = {
			isa = PBXGroup;
			children = (
				8F0AE522280C673D0073296B /* CoreDataObjects */,
				8F0AE4B7280ADA5F0073296B /* ServicesLayer */,
				8F08732C2804C83B004EFCFE /* Structs */,
				8F08731E2804B5FD004EFCFE /* Presentation */,
				8F08730328038E67004EFCFE /* CustomUI */,
				8F08730228038E4F004EFCFE /* View */,
				8F554292280037EE00A67D82 /* AppDelegate.swift */,
				8F55429B280037FF00A67D82 /* Assets.xcassets */,
				8F55429D280037FF00A67D82 /* LaunchScreen.storyboard */,
				8F5542A0280037FF00A67D82 /* Info.plist */,
			);
			path = SpaceXApp;
			sourceTree = "<group>";
		};
		9AD723DBDC35901D2494628B /* Frameworks */ = {
			isa = PBXGroup;
			children = (
				6E2FB98D9897CE2EC0C179CA /* Pods_SpaceXApp.framework */,
			);
			name = Frameworks;
			sourceTree = "<group>";
		};
		F81A764DA08080B13D838590 /* Pods */ = {
			isa = PBXGroup;
			children = (
				AFC7A6BDB080A356E4C46C97 /* Pods-SpaceXApp.debug.xcconfig */,
				7F00BD729D1897277391504D /* Pods-SpaceXApp.release.xcconfig */,
			);
			path = Pods;
			sourceTree = "<group>";
		};
/* End PBXGroup section */

/* Begin PBXNativeTarget section */
		8F55428E280037EE00A67D82 /* SpaceXApp */ = {
			isa = PBXNativeTarget;
			buildConfigurationList = 8F5542A3280037FF00A67D82 /* Build configuration list for PBXNativeTarget "SpaceXApp" */;
			buildPhases = (
				CC6BDE084F9F4AC0CF352FF9 /* [CP] Check Pods Manifest.lock */,
				8F55428B280037EE00A67D82 /* Sources */,
				8F55428C280037EE00A67D82 /* Frameworks */,
				8F55428D280037EE00A67D82 /* Resources */,
				25BD6273B46BA46F0D124642 /* [CP] Embed Pods Frameworks */,
			);
			buildRules = (
			);
			dependencies = (
			);
			name = SpaceXApp;
			productName = SpaceXApp;
			productReference = 8F55428F280037EE00A67D82 /* SpaceXApp.app */;
			productType = "com.apple.product-type.application";
		};
/* End PBXNativeTarget section */

/* Begin PBXProject section */
		8F554287280037EE00A67D82 /* Project object */ = {
			isa = PBXProject;
			attributes = {
				LastSwiftUpdateCheck = 1220;
				LastUpgradeCheck = 1220;
				TargetAttributes = {
					8F55428E280037EE00A67D82 = {
						CreatedOnToolsVersion = 12.2;
					};
				};
			};
			buildConfigurationList = 8F55428A280037EE00A67D82 /* Build configuration list for PBXProject "SpaceXApp" */;
			compatibilityVersion = "Xcode 9.3";
			developmentRegion = en;
			hasScannedForEncodings = 0;
			knownRegions = (
				en,
				Base,
			);
			mainGroup = 8F554286280037EE00A67D82;
			productRefGroup = 8F554290280037EE00A67D82 /* Products */;
			projectDirPath = "";
			projectRoot = "";
			targets = (
				8F55428E280037EE00A67D82 /* SpaceXApp */,
			);
		};
/* End PBXProject section */

/* Begin PBXResourcesBuildPhase section */
		8F55428D280037EE00A67D82 /* Resources */ = {
			isa = PBXResourcesBuildPhase;
			buildActionMask = 2147483647;
			files = (
				8F55429F280037FF00A67D82 /* LaunchScreen.storyboard in Resources */,
				8F0AE4AD280A2B6A0073296B /* SettingsViewController.xib in Resources */,
				8F55429C280037FF00A67D82 /* Assets.xcassets in Resources */,
			);
			runOnlyForDeploymentPostprocessing = 0;
		};
/* End PBXResourcesBuildPhase section */

/* Begin PBXShellScriptBuildPhase section */
		25BD6273B46BA46F0D124642 /* [CP] Embed Pods Frameworks */ = {
			isa = PBXShellScriptBuildPhase;
			buildActionMask = 2147483647;
			files = (
			);
			inputFileListPaths = (
				"${PODS_ROOT}/Target Support Files/Pods-SpaceXApp/Pods-SpaceXApp-frameworks-${CONFIGURATION}-input-files.xcfilelist",
			);
			name = "[CP] Embed Pods Frameworks";
			outputFileListPaths = (
				"${PODS_ROOT}/Target Support Files/Pods-SpaceXApp/Pods-SpaceXApp-frameworks-${CONFIGURATION}-output-files.xcfilelist",
			);
			runOnlyForDeploymentPostprocessing = 0;
			shellPath = /bin/sh;
			shellScript = "\"${PODS_ROOT}/Target Support Files/Pods-SpaceXApp/Pods-SpaceXApp-frameworks.sh\"\n";
			showEnvVarsInLog = 0;
		};
		CC6BDE084F9F4AC0CF352FF9 /* [CP] Check Pods Manifest.lock */ = {
			isa = PBXShellScriptBuildPhase;
			buildActionMask = 2147483647;
			files = (
			);
			inputFileListPaths = (
			);
			inputPaths = (
				"${PODS_PODFILE_DIR_PATH}/Podfile.lock",
				"${PODS_ROOT}/Manifest.lock",
			);
			name = "[CP] Check Pods Manifest.lock";
			outputFileListPaths = (
			);
			outputPaths = (
				"$(DERIVED_FILE_DIR)/Pods-SpaceXApp-checkManifestLockResult.txt",
			);
			runOnlyForDeploymentPostprocessing = 0;
			shellPath = /bin/sh;
			shellScript = "diff \"${PODS_PODFILE_DIR_PATH}/Podfile.lock\" \"${PODS_ROOT}/Manifest.lock\" > /dev/null\nif [ $? != 0 ] ; then\n    # print error to STDERR\n    echo \"error: The sandbox is not in sync with the Podfile.lock. Run 'pod install' or update your CocoaPods installation.\" >&2\n    exit 1\nfi\n# This output is used by Xcode 'outputs' to avoid re-running this script phase.\necho \"SUCCESS\" > \"${SCRIPT_OUTPUT_FILE_0}\"\n";
			showEnvVarsInLog = 0;
		};
/* End PBXShellScriptBuildPhase section */

/* Begin PBXSourcesBuildPhase section */
		8F55428B280037EE00A67D82 /* Sources */ = {
			isa = PBXSourcesBuildPhase;
			buildActionMask = 2147483647;
			files = (
				8F0AE4F4280C3E230073296B /* DBPayload+CoreDataProperties.swift in Sources */,
				8F0AE4C7280AEB5D0073296B /* ServiceLocator.swift in Sources */,
				8F0AE4F7280C3E230073296B /* DBFirstStage+CoreDataClass.swift in Sources */,
				8F0873262804B66E004EFCFE /* RocketsViewProtocol.swift in Sources */,
				8F0AE514280C4F700073296B /* DBHeight+CoreDataProperties.swift in Sources */,
				8F5542BD2801B48500A67D82 /* CustomCollectionViewCell.swift in Sources */,
				8F0873322804D6B0004EFCFE /* LaunchesViewProtocol.swift in Sources */,
				8F0AE506280C44050073296B /* DBDiameter+CoreDataClass.swift in Sources */,
				8F0AE4AC280A2B6A0073296B /* SettingsViewController.swift in Sources */,
				8F0D34C42808C60200DDCFE1 /* SettingsViewProtocol.swift in Sources */,
				8F0AE4CD280AF8D00073296B /* UserDefaultsServiceProtocol.swift in Sources */,
				8F08732A2804B8FA004EFCFE /* RocketsPresenter.swift in Sources */,
				8F0AE4F5280C3E230073296B /* DBRocket+CoreDataClass.swift in Sources */,
				8F0AE4FD280C3E230073296B /* DBMass+CoreDataClass.swift in Sources */,
				8F08733B2804D909004EFCFE /* LaunchesPresenter.swift in Sources */,
				8F0AE4CA280AF8600073296B /* UserDefaultsService.swift in Sources */,
				8F0AE4B5280AD9660073296B /* SettingsPresenter.swift in Sources */,
				8F087319280492D8004EFCFE /* NetworkingServiceProtocol.swift in Sources */,
				8F0AE518280C5ED10073296B /* DBLaunch+CoreDataClass.swift in Sources */,
				8F0AE4F3280C3E230073296B /* DBPayload+CoreDataClass.swift in Sources */,
				8F08732E2804C872004EFCFE /* Launch.swift in Sources */,
				8F0AE4BB280ADAD20073296B /* SettingsServiceProtocol.swift in Sources */,
				8F0873212804B638004EFCFE /* RocketsPresenterProtocol.swift in Sources */,
				8F0AE519280C5ED10073296B /* DBLaunch+CoreDataProperties.swift in Sources */,
				8F0AE4DE280C33450073296B /* CoreDataStack.swift in Sources */,
				8F0873382804D7A5004EFCFE /* LaunchesPresenterProtocol.swift in Sources */,
				8F08730B280402AF004EFCFE /* LaunchesViewController.swift in Sources */,
				8F0AE4F8280C3E230073296B /* DBFirstStage+CoreDataProperties.swift in Sources */,
				8F08731C280492E1004EFCFE /* Rocket.swift in Sources */,
				8F0AE4F9280C3E230073296B /* DBSecondStage+CoreDataClass.swift in Sources */,
				8F0AE4BE280ADB2B0073296B /* SettingsEnums.swift in Sources */,
				8F08730F280417F1004EFCFE /* LaunchesTableViewCell.swift in Sources */,
				8F087316280492CD004EFCFE /* NetworkingService.swift in Sources */,
				8F0AE513280C4F700073296B /* DBHeight+CoreDataClass.swift in Sources */,
				8F0AE4F6280C3E230073296B /* DBRocket+CoreDataProperties.swift in Sources */,
				8F554293280037EE00A67D82 /* AppDelegate.swift in Sources */,
				8F0AE4FE280C3E230073296B /* DBMass+CoreDataProperties.swift in Sources */,
				8F0872E928032270004EFCFE /* RocketInfoView.swift in Sources */,
				8F0AE4C1280AE3930073296B /* SettingsService.swift in Sources */,
				8F0872E02801F755004EFCFE /* StageView.swift in Sources */,
				8F0D34CA2808CA4F00DDCFE1 /* SettingsTableViewCell.swift in Sources */,
				8F0AE4C4280AE8AF0073296B /* SettingsServiceDelegate.swift in Sources */,
				8F0872FA28037336004EFCFE /* RocketsViewController.swift in Sources */,
				8F0AE4FA280C3E230073296B /* DBSecondStage+CoreDataProperties.swift in Sources */,
				8F0AE4B1280AD8C90073296B /* SettingsPresenterProtocol.swift in Sources */,
				8F0AE507280C44050073296B /* DBDiameter+CoreDataProperties.swift in Sources */,
				8F0AE4E2280C33870073296B /* SpaceXDataModel.xcdatamodeld in Sources */,
			);
			runOnlyForDeploymentPostprocessing = 0;
		};
/* End PBXSourcesBuildPhase section */

/* Begin PBXVariantGroup section */
		8F55429D280037FF00A67D82 /* LaunchScreen.storyboard */ = {
			isa = PBXVariantGroup;
			children = (
				8F55429E280037FF00A67D82 /* Base */,
			);
			name = LaunchScreen.storyboard;
			sourceTree = "<group>";
		};
/* End PBXVariantGroup section */

/* Begin XCBuildConfiguration section */
		8F5542A1280037FF00A67D82 /* Debug */ = {
			isa = XCBuildConfiguration;
			buildSettings = {
				ALWAYS_SEARCH_USER_PATHS = NO;
				CLANG_ANALYZER_NONNULL = YES;
				CLANG_ANALYZER_NUMBER_OBJECT_CONVERSION = YES_AGGRESSIVE;
				CLANG_CXX_LANGUAGE_STANDARD = "gnu++14";
				CLANG_CXX_LIBRARY = "libc++";
				CLANG_ENABLE_MODULES = YES;
				CLANG_ENABLE_OBJC_ARC = YES;
				CLANG_ENABLE_OBJC_WEAK = YES;
				CLANG_WARN_BLOCK_CAPTURE_AUTORELEASING = YES;
				CLANG_WARN_BOOL_CONVERSION = YES;
				CLANG_WARN_COMMA = YES;
				CLANG_WARN_CONSTANT_CONVERSION = YES;
				CLANG_WARN_DEPRECATED_OBJC_IMPLEMENTATIONS = YES;
				CLANG_WARN_DIRECT_OBJC_ISA_USAGE = YES_ERROR;
				CLANG_WARN_DOCUMENTATION_COMMENTS = YES;
				CLANG_WARN_EMPTY_BODY = YES;
				CLANG_WARN_ENUM_CONVERSION = YES;
				CLANG_WARN_INFINITE_RECURSION = YES;
				CLANG_WARN_INT_CONVERSION = YES;
				CLANG_WARN_NON_LITERAL_NULL_CONVERSION = YES;
				CLANG_WARN_OBJC_IMPLICIT_RETAIN_SELF = YES;
				CLANG_WARN_OBJC_LITERAL_CONVERSION = YES;
				CLANG_WARN_OBJC_ROOT_CLASS = YES_ERROR;
				CLANG_WARN_QUOTED_INCLUDE_IN_FRAMEWORK_HEADER = YES;
				CLANG_WARN_RANGE_LOOP_ANALYSIS = YES;
				CLANG_WARN_STRICT_PROTOTYPES = YES;
				CLANG_WARN_SUSPICIOUS_MOVE = YES;
				CLANG_WARN_UNGUARDED_AVAILABILITY = YES_AGGRESSIVE;
				CLANG_WARN_UNREACHABLE_CODE = YES;
				CLANG_WARN__DUPLICATE_METHOD_MATCH = YES;
				COPY_PHASE_STRIP = NO;
				DEBUG_INFORMATION_FORMAT = dwarf;
				ENABLE_STRICT_OBJC_MSGSEND = YES;
				ENABLE_TESTABILITY = YES;
				GCC_C_LANGUAGE_STANDARD = gnu11;
				GCC_DYNAMIC_NO_PIC = NO;
				GCC_NO_COMMON_BLOCKS = YES;
				GCC_OPTIMIZATION_LEVEL = 0;
				GCC_PREPROCESSOR_DEFINITIONS = (
					"DEBUG=1",
					"$(inherited)",
				);
				GCC_WARN_64_TO_32_BIT_CONVERSION = YES;
				GCC_WARN_ABOUT_RETURN_TYPE = YES_ERROR;
				GCC_WARN_UNDECLARED_SELECTOR = YES;
				GCC_WARN_UNINITIALIZED_AUTOS = YES_AGGRESSIVE;
				GCC_WARN_UNUSED_FUNCTION = YES;
				GCC_WARN_UNUSED_VARIABLE = YES;
				IPHONEOS_DEPLOYMENT_TARGET = 14.2;
				MTL_ENABLE_DEBUG_INFO = INCLUDE_SOURCE;
				MTL_FAST_MATH = YES;
				ONLY_ACTIVE_ARCH = YES;
				SDKROOT = iphoneos;
				SWIFT_ACTIVE_COMPILATION_CONDITIONS = DEBUG;
				SWIFT_OPTIMIZATION_LEVEL = "-Onone";
			};
			name = Debug;
		};
		8F5542A2280037FF00A67D82 /* Release */ = {
			isa = XCBuildConfiguration;
			buildSettings = {
				ALWAYS_SEARCH_USER_PATHS = NO;
				CLANG_ANALYZER_NONNULL = YES;
				CLANG_ANALYZER_NUMBER_OBJECT_CONVERSION = YES_AGGRESSIVE;
				CLANG_CXX_LANGUAGE_STANDARD = "gnu++14";
				CLANG_CXX_LIBRARY = "libc++";
				CLANG_ENABLE_MODULES = YES;
				CLANG_ENABLE_OBJC_ARC = YES;
				CLANG_ENABLE_OBJC_WEAK = YES;
				CLANG_WARN_BLOCK_CAPTURE_AUTORELEASING = YES;
				CLANG_WARN_BOOL_CONVERSION = YES;
				CLANG_WARN_COMMA = YES;
				CLANG_WARN_CONSTANT_CONVERSION = YES;
				CLANG_WARN_DEPRECATED_OBJC_IMPLEMENTATIONS = YES;
				CLANG_WARN_DIRECT_OBJC_ISA_USAGE = YES_ERROR;
				CLANG_WARN_DOCUMENTATION_COMMENTS = YES;
				CLANG_WARN_EMPTY_BODY = YES;
				CLANG_WARN_ENUM_CONVERSION = YES;
				CLANG_WARN_INFINITE_RECURSION = YES;
				CLANG_WARN_INT_CONVERSION = YES;
				CLANG_WARN_NON_LITERAL_NULL_CONVERSION = YES;
				CLANG_WARN_OBJC_IMPLICIT_RETAIN_SELF = YES;
				CLANG_WARN_OBJC_LITERAL_CONVERSION = YES;
				CLANG_WARN_OBJC_ROOT_CLASS = YES_ERROR;
				CLANG_WARN_QUOTED_INCLUDE_IN_FRAMEWORK_HEADER = YES;
				CLANG_WARN_RANGE_LOOP_ANALYSIS = YES;
				CLANG_WARN_STRICT_PROTOTYPES = YES;
				CLANG_WARN_SUSPICIOUS_MOVE = YES;
				CLANG_WARN_UNGUARDED_AVAILABILITY = YES_AGGRESSIVE;
				CLANG_WARN_UNREACHABLE_CODE = YES;
				CLANG_WARN__DUPLICATE_METHOD_MATCH = YES;
				COPY_PHASE_STRIP = NO;
				DEBUG_INFORMATION_FORMAT = "dwarf-with-dsym";
				ENABLE_NS_ASSERTIONS = NO;
				ENABLE_STRICT_OBJC_MSGSEND = YES;
				GCC_C_LANGUAGE_STANDARD = gnu11;
				GCC_NO_COMMON_BLOCKS = YES;
				GCC_WARN_64_TO_32_BIT_CONVERSION = YES;
				GCC_WARN_ABOUT_RETURN_TYPE = YES_ERROR;
				GCC_WARN_UNDECLARED_SELECTOR = YES;
				GCC_WARN_UNINITIALIZED_AUTOS = YES_AGGRESSIVE;
				GCC_WARN_UNUSED_FUNCTION = YES;
				GCC_WARN_UNUSED_VARIABLE = YES;
				IPHONEOS_DEPLOYMENT_TARGET = 14.2;
				MTL_ENABLE_DEBUG_INFO = NO;
				MTL_FAST_MATH = YES;
				SDKROOT = iphoneos;
				SWIFT_COMPILATION_MODE = wholemodule;
				SWIFT_OPTIMIZATION_LEVEL = "-O";
				VALIDATE_PRODUCT = YES;
			};
			name = Release;
		};
		8F5542A4280037FF00A67D82 /* Debug */ = {
			isa = XCBuildConfiguration;
			baseConfigurationReference = AFC7A6BDB080A356E4C46C97 /* Pods-SpaceXApp.debug.xcconfig */;
			buildSettings = {
				ASSETCATALOG_COMPILER_APPICON_NAME = AppIcon;
				ASSETCATALOG_COMPILER_GLOBAL_ACCENT_COLOR_NAME = AccentColor;
				CODE_SIGN_STYLE = Automatic;
				DEVELOPMENT_TEAM = 72QBG8R768;
				INFOPLIST_FILE = SpaceXApp/Info.plist;
				IPHONEOS_DEPLOYMENT_TARGET = 13.0;
				LD_RUNPATH_SEARCH_PATHS = (
					"$(inherited)",
					"@executable_path/Frameworks",
				);
				PRODUCT_BUNDLE_IDENTIFIER = ayzo.SpaceXApp;
				PRODUCT_NAME = "$(TARGET_NAME)";
				SWIFT_VERSION = 5.0;
				TARGETED_DEVICE_FAMILY = "1,2";
			};
			name = Debug;
		};
		8F5542A5280037FF00A67D82 /* Release */ = {
			isa = XCBuildConfiguration;
			baseConfigurationReference = 7F00BD729D1897277391504D /* Pods-SpaceXApp.release.xcconfig */;
			buildSettings = {
				ASSETCATALOG_COMPILER_APPICON_NAME = AppIcon;
				ASSETCATALOG_COMPILER_GLOBAL_ACCENT_COLOR_NAME = AccentColor;
				CODE_SIGN_STYLE = Automatic;
				DEVELOPMENT_TEAM = 72QBG8R768;
				INFOPLIST_FILE = SpaceXApp/Info.plist;
				IPHONEOS_DEPLOYMENT_TARGET = 13.0;
				LD_RUNPATH_SEARCH_PATHS = (
					"$(inherited)",
					"@executable_path/Frameworks",
				);
				PRODUCT_BUNDLE_IDENTIFIER = ayzo.SpaceXApp;
				PRODUCT_NAME = "$(TARGET_NAME)";
				SWIFT_VERSION = 5.0;
				TARGETED_DEVICE_FAMILY = "1,2";
			};
			name = Release;
		};
/* End XCBuildConfiguration section */

/* Begin XCConfigurationList section */
		8F55428A280037EE00A67D82 /* Build configuration list for PBXProject "SpaceXApp" */ = {
			isa = XCConfigurationList;
			buildConfigurations = (
				8F5542A1280037FF00A67D82 /* Debug */,
				8F5542A2280037FF00A67D82 /* Release */,
			);
			defaultConfigurationIsVisible = 0;
			defaultConfigurationName = Release;
		};
		8F5542A3280037FF00A67D82 /* Build configuration list for PBXNativeTarget "SpaceXApp" */ = {
			isa = XCConfigurationList;
			buildConfigurations = (
				8F5542A4280037FF00A67D82 /* Debug */,
				8F5542A5280037FF00A67D82 /* Release */,
			);
			defaultConfigurationIsVisible = 0;
			defaultConfigurationName = Release;
		};
/* End XCConfigurationList section */

/* Begin XCVersionGroup section */
		8F0AE4E0280C33870073296B /* SpaceXDataModel.xcdatamodeld */ = {
			isa = XCVersionGroup;
			children = (
				8F0AE4E1280C33870073296B /* SpaceXDataModel.xcdatamodel */,
			);
			currentVersion = 8F0AE4E1280C33870073296B /* SpaceXDataModel.xcdatamodel */;
			path = SpaceXDataModel.xcdatamodeld;
			sourceTree = "<group>";
			versionGroupType = wrapper.xcdatamodel;
		};
/* End XCVersionGroup section */
	};
	rootObject = 8F554287280037EE00A67D82 /* Project object */;
}
